
Microsoft Visual Studio Solution File, Format Version 12.00
# Visual Studio 14
VisualStudioVersion = 14.0.25420.1
MinimumVisualStudioVersion = 10.0.40219.1
Project("{FAE04EC0-301F-11D3-BF4B-00C04F79EFBC}") = "Orion.ProjectVersion.Msbuild", "Orion.ProjectVersion.Msbuild\Orion.ProjectVersion.Msbuild.csproj", "{D6A35C6E-EC4A-41D2-A8D8-70B6AB0A9ABF}"
EndProject
Global
	GlobalSection(SolutionConfigurationPlatforms) = preSolution
		Debug|Any CPU = Debug|Any CPU
		Release|Any CPU = Release|Any CPU
	EndGlobalSection
	GlobalSection(ProjectConfigurationPlatforms) = postSolution
		{D6A35C6E-EC4A-41D2-A8D8-70B6AB0A9ABF}.Debug|Any CPU.ActiveCfg = Debug|Any CPU
		{D6A35C6E-EC4A-41D2-A8D8-70B6AB0A9ABF}.Debug|Any CPU.Build.0 = Debug|Any CPU
		{D6A35C6E-EC4A-41D2-A8D8-70B6AB0A9ABF}.Release|Any CPU.ActiveCfg = Debug|Any CPU
		{D6A35C6E-EC4A-41D2-A8D8-70B6AB0A9ABF}.Release|Any CPU.Build.0 = Debug|Any CPU
	EndGlobalSection
	GlobalSection(SolutionProperties) = preSolution
		HideSolutionNode = FALSE
	EndGlobalSection
EndGlobal
